{
  "name": "untitled",
  "version": "1.0.0",
  "lockfileVersion": 2,
  "requires": true,
  "packages": {
    "": {
      "name": "untitled",
      "version": "1.0.0",
      "license": "ISC",
      "dependencies": {
        "isnan": "^0.0.0"
      }
    },
    "node_modules/isnan": {
      "version": "0.0.0",
      "resolved": "https://registry.npmjs.org/isnan/-/isnan-0.0.0.tgz",
      "integrity": "sha1-tykAS5nY6v8f86FVwIlWYhOl590="
    }
  },
  "dependencies": {
    "isnan": {
      "version": "0.0.0",
      "resolved": "https://registry.npmjs.org/isnan/-/isnan-0.0.0.tgz",
      "integrity": "sha1-tykAS5nY6v8f86FVwIlWYhOl590="
    }
  }
}
